// !$*UTF8*$!
{
	archiveVersion = 1;
	classes = {
	};
	objectVersion = 46;
	objects = {

/* Begin PBXBuildFile section */
		B3046F5115E5FD34003E6AFB /* int_nav.gif in Resources */ = {isa = PBXBuildFile; fileRef = B3046F4E15E5FD34003E6AFB /* int_nav.gif */; };
		B3046F5315E5FD34003E6AFB /* list_nav.gif in Resources */ = {isa = PBXBuildFile; fileRef = B3046F5015E5FD34003E6AFB /* list_nav.gif */; };
		B3046F5615E5FEB4003E6AFB /* Icon_Small@2x.png in Resources */ = {isa = PBXBuildFile; fileRef = B3046F5415E5FEB4003E6AFB /* Icon_Small@2x.png */; };
		B3046F5715E5FEB4003E6AFB /* Icon@2x.png in Resources */ = {isa = PBXBuildFile; fileRef = B3046F5515E5FEB4003E6AFB /* Icon@2x.png */; };
		B3046F5A15E5FF9B003E6AFB /* Icon.png in Resources */ = {isa = PBXBuildFile; fileRef = B3046F5815E5FF9B003E6AFB /* Icon.png */; };
		B3046F5B15E5FF9B003E6AFB /* iTunesArtwork.png in Resources */ = {isa = PBXBuildFile; fileRef = B3046F5915E5FF9B003E6AFB /* iTunesArtwork.png */; };
		B3046F6415E613AC003E6AFB /* btn_close_normal.png in Resources */ = {isa = PBXBuildFile; fileRef = B3046F6215E613AC003E6AFB /* btn_close_normal.png */; };
		B3046F6515E613AC003E6AFB /* btn_close_pressed.png in Resources */ = {isa = PBXBuildFile; fileRef = B3046F6315E613AC003E6AFB /* btn_close_pressed.png */; };
		B319B26315E79C3D00F42418 /* background.png in Resources */ = {isa = PBXBuildFile; fileRef = B319B26215E79C3D00F42418 /* background.png */; };
		B319B26515E79C6C00F42418 /* Default@2x.png in Resources */ = {isa = PBXBuildFile; fileRef = B319B26415E79C6C00F42418 /* Default@2x.png */; };
		B31AB8E515BC514900DFC97B /* Kefa.ttc in Resources */ = {isa = PBXBuildFile; fileRef = B31AB8E415BC514900DFC97B /* Kefa.ttc */; };
		B31AB8E715BC616700DFC97B /* PhotoCell.xib in Resources */ = {isa = PBXBuildFile; fileRef = B31AB8E615BC616700DFC97B /* PhotoCell.xib */; };
		B333577B15BA7B9100522B08 /* PersonListCell.xib in Resources */ = {isa = PBXBuildFile; fileRef = B333577A15BA7B9100522B08 /* PersonListCell.xib */; };
		B34E5AF115E6480C002A3E5B /* list_default_image.gif in Resources */ = {isa = PBXBuildFile; fileRef = B34E5AF015E6480B002A3E5B /* list_default_image.gif */; };
		B34E762115C4319D00ECB2D7 /* QuoteCell.xib in Resources */ = {isa = PBXBuildFile; fileRef = B34E762015C4319D00ECB2D7 /* QuoteCell.xib */; };
		B351DD9716F5BBD100774FEA /* Quote.m in Sources */ = {isa = PBXBuildFile; fileRef = B351DD9616F5BBD100774FEA /* Quote.m */; };
		B351DD9A16F5BBD100774FEA /* Note.m in Sources */ = {isa = PBXBuildFile; fileRef = B351DD9916F5BBD100774FEA /* Note.m */; };
		B351DD9D16F5BBD100774FEA /* Photo.m in Sources */ = {isa = PBXBuildFile; fileRef = B351DD9C16F5BBD100774FEA /* Photo.m */; };
		B351DDAB16F5D89A00774FEA /* CoreData.framework in Frameworks */ = {isa = PBXBuildFile; fileRef = B351DDAA16F5D89A00774FEA /* CoreData.framework */; };
		B37C6F9F15E4AFCF0045CCE0 /* PDFshadow.png in Resources */ = {isa = PBXBuildFile; fileRef = B37C6F9E15E4AFCF0045CCE0 /* PDFshadow.png */; };
		B3A0D75715CA455B000CFE24 /* UIImageView+ImagePackage.m in Sources */ = {isa = PBXBuildFile; fileRef = B3A0D75615CA455B000CFE24 /* UIImageView+ImagePackage.m */; };
		B3BB582D15D4BD07003A70CA /* btn_plus_normal.png in Resources */ = {isa = PBXBuildFile; fileRef = B3BB581E15D4BD07003A70CA /* btn_plus_normal.png */; };
		B3BB582E15D4BD07003A70CA /* btn_normal_pressed.png in Resources */ = {isa = PBXBuildFile; fileRef = B3BB581F15D4BD07003A70CA /* btn_normal_pressed.png */; };
		B3BB582F15D4BD07003A70CA /* btn_back_pressed.png in Resources */ = {isa = PBXBuildFile; fileRef = B3BB582015D4BD07003A70CA /* btn_back_pressed.png */; };
		B3BB583015D4BD07003A70CA /* btn_back_normal.png in Resources */ = {isa = PBXBuildFile; fileRef = B3BB582115D4BD07003A70CA /* btn_back_normal.png */; };
		B3BF928615BBDED0003BF245 /* MessageUI.framework in Frameworks */ = {isa = PBXBuildFile; fileRef = B3BF928515BBDED0003BF245 /* MessageUI.framework */; };
		B3E527B815B796C100AA840B /* UIKit.framework in Frameworks */ = {isa = PBXBuildFile; fileRef = B3E527B715B796C100AA840B /* UIKit.framework */; };
		B3E527BA15B796C100AA840B /* Foundation.framework in Frameworks */ = {isa = PBXBuildFile; fileRef = B3E527B915B796C100AA840B /* Foundation.framework */; };
		B3E527BC15B796C100AA840B /* CoreGraphics.framework in Frameworks */ = {isa = PBXBuildFile; fileRef = B3E527BB15B796C100AA840B /* CoreGraphics.framework */; };
		B3E527C215B796C100AA840B /* InfoPlist.strings in Resources */ = {isa = PBXBuildFile; fileRef = B3E527C015B796C100AA840B /* InfoPlist.strings */; };
		B3E527C415B796C100AA840B /* main.m in Sources */ = {isa = PBXBuildFile; fileRef = B3E527C315B796C100AA840B /* main.m */; };
		B3E527C815B796C100AA840B /* PeopleAppDelegate.m in Sources */ = {isa = PBXBuildFile; fileRef = B3E527C715B796C100AA840B /* PeopleAppDelegate.m */; };
		B3E527CB15B796C100AA840B /* MainStoryboard.storyboard in Resources */ = {isa = PBXBuildFile; fileRef = B3E527C915B796C100AA840B /* MainStoryboard.storyboard */; };
		B3E527CE15B796C100AA840B /* PeopleViewController.m in Sources */ = {isa = PBXBuildFile; fileRef = B3E527CD15B796C100AA840B /* PeopleViewController.m */; };
		B3E527D615B7999A00AA840B /* PersonalInterviewViewController.m in Sources */ = {isa = PBXBuildFile; fileRef = B3E527D515B7999A00AA840B /* PersonalInterviewViewController.m */; };
		B3E5280515B939A700AA840B /* QuartzCore.framework in Frameworks */ = {isa = PBXBuildFile; fileRef = B3E5280415B939A700AA840B /* QuartzCore.framework */; };
		B3EC364615DA2B9B00200FEB /* photo.png in Resources */ = {isa = PBXBuildFile; fileRef = B3EC364215DA2B9B00200FEB /* photo.png */; };
		B3EC364715DA2B9B00200FEB /* note.png in Resources */ = {isa = PBXBuildFile; fileRef = B3EC364315DA2B9B00200FEB /* note.png */; };
		B3EC364815DA2B9B00200FEB /* profile.png in Resources */ = {isa = PBXBuildFile; fileRef = B3EC364415DA2B9B00200FEB /* profile.png */; };
		B3EC364915DA2B9B00200FEB /* quote.png in Resources */ = {isa = PBXBuildFile; fileRef = B3EC364515DA2B9B00200FEB /* quote.png */; };
		B3EC365215DA2D7E00200FEB /* add_email.png in Resources */ = {isa = PBXBuildFile; fileRef = B3EC364E15DA2D7E00200FEB /* add_email.png */; };
		B3EC365315DA2D7E00200FEB /* add_photo.png in Resources */ = {isa = PBXBuildFile; fileRef = B3EC364F15DA2D7E00200FEB /* add_photo.png */; };
		B3EC365415DA2D7E00200FEB /* add_postit.png in Resources */ = {isa = PBXBuildFile; fileRef = B3EC365015DA2D7E00200FEB /* add_postit.png */; };
		B3EC365515DA2D7E00200FEB /* add_quote.png in Resources */ = {isa = PBXBuildFile; fileRef = B3EC365115DA2D7E00200FEB /* add_quote.png */; };
		B3F2840815BB04240016BB94 /* PortraitCell.xib in Resources */ = {isa = PBXBuildFile; fileRef = B3F2840715BB04240016BB94 /* PortraitCell.xib */; };
		B3F40B5B15C2942B0005B212 /* NoteCell.xib in Resources */ = {isa = PBXBuildFile; fileRef = B3F40B5A15C2942B0005B212 /* NoteCell.xib */; };
		B3FB4BC917017EE400F5503E /* PDFGenerateViewController.m in Sources */ = {isa = PBXBuildFile; fileRef = B3FB4BC817017EE400F5503E /* PDFGenerateViewController.m */; };
		B3FB4BCC1701860C00F5503E /* NSFileManager+CreateUniqueFilePath.m in Sources */ = {isa = PBXBuildFile; fileRef = B3FB4BCB1701860C00F5503E /* NSFileManager+CreateUniqueFilePath.m */; };
/* End PBXBuildFile section */

/* Begin PBXFileReference section */
		B3046F4E15E5FD34003E6AFB /* int_nav.gif */ = {isa = PBXFileReference; lastKnownFileType = image.gif; path = int_nav.gif; sourceTree = "<group>"; };
		B3046F5015E5FD34003E6AFB /* list_nav.gif */ = {isa = PBXFileReference; lastKnownFileType = image.gif; path = list_nav.gif; sourceTree = "<group>"; };
		B3046F5415E5FEB4003E6AFB /* Icon_Small@2x.png */ = {isa = PBXFileReference; lastKnownFileType = image.png; path = "Icon_Small@2x.png"; sourceTree = "<group>"; };
		B3046F5515E5FEB4003E6AFB /* Icon@2x.png */ = {isa = PBXFileReference; lastKnownFileType = image.png; path = "Icon@2x.png"; sourceTree = "<group>"; };
		B3046F5815E5FF9B003E6AFB /* Icon.png */ = {isa = PBXFileReference; lastKnownFileType = image.png; path = Icon.png; sourceTree = "<group>"; };
		B3046F5915E5FF9B003E6AFB /* iTunesArtwork.png */ = {isa = PBXFileReference; lastKnownFileType = image.png; path = iTunesArtwork.png; sourceTree = "<group>"; };
		B3046F6215E613AC003E6AFB /* btn_close_normal.png */ = {isa = PBXFileReference; lastKnownFileType = image.png; path = btn_close_normal.png; sourceTree = "<group>"; };
		B3046F6315E613AC003E6AFB /* btn_close_pressed.png */ = {isa = PBXFileReference; lastKnownFileType = image.png; path = btn_close_pressed.png; sourceTree = "<group>"; };
		B30DB64F15D8D7FA007C69AD /* Constant.h */ = {isa = PBXFileReference; lastKnownFileType = sourcecode.c.h; path = Constant.h; sourceTree = "<group>"; };
		B319B26215E79C3D00F42418 /* background.png */ = {isa = PBXFileReference; lastKnownFileType = image.png; path = background.png; sourceTree = "<group>"; };
		B319B26415E79C6C00F42418 /* Default@2x.png */ = {isa = PBXFileReference; lastKnownFileType = image.png; path = "Default@2x.png"; sourceTree = "<group>"; };
		B31AB8E415BC514900DFC97B /* Kefa.ttc */ = {isa = PBXFileReference; lastKnownFileType = file; name = Kefa.ttc; path = ../Kefa.ttc; sourceTree = "<group>"; };
		B31AB8E615BC616700DFC97B /* PhotoCell.xib */ = {isa = PBXFileReference; fileEncoding = 4; lastKnownFileType = file.xib; path = PhotoCell.xib; sourceTree = "<group>"; };
		B333577A15BA7B9100522B08 /* PersonListCell.xib */ = {isa = PBXFileReference; fileEncoding = 4; lastKnownFileType = file.xib; path = PersonListCell.xib; sourceTree = "<group>"; };
		B34E5AF015E6480B002A3E5B /* list_default_image.gif */ = {isa = PBXFileReference; lastKnownFileType = image.gif; path = list_default_image.gif; sourceTree = "<group>"; };
		B34E762015C4319D00ECB2D7 /* QuoteCell.xib */ = {isa = PBXFileReference; fileEncoding = 4; lastKnownFileType = file.xib; path = QuoteCell.xib; sourceTree = "<group>"; };
		B351DD9516F5BBD100774FEA /* Quote.h */ = {isa = PBXFileReference; fileEncoding = 4; lastKnownFileType = sourcecode.c.h; path = Quote.h; sourceTree = "<group>"; };
		B351DD9616F5BBD100774FEA /* Quote.m */ = {isa = PBXFileReference; fileEncoding = 4; lastKnownFileType = sourcecode.c.objc; path = Quote.m; sourceTree = "<group>"; };
		B351DD9816F5BBD100774FEA /* Note.h */ = {isa = PBXFileReference; fileEncoding = 4; lastKnownFileType = sourcecode.c.h; path = Note.h; sourceTree = "<group>"; };
		B351DD9916F5BBD100774FEA /* Note.m */ = {isa = PBXFileReference; fileEncoding = 4; lastKnownFileType = sourcecode.c.objc; path = Note.m; sourceTree = "<group>"; };
		B351DD9B16F5BBD100774FEA /* Photo.h */ = {isa = PBXFileReference; fileEncoding = 4; lastKnownFileType = sourcecode.c.h; path = Photo.h; sourceTree = "<group>"; };
		B351DD9C16F5BBD100774FEA /* Photo.m */ = {isa = PBXFileReference; fileEncoding = 4; lastKnownFileType = sourcecode.c.objc; path = Photo.m; sourceTree = "<group>"; };
		B351DDAA16F5D89A00774FEA /* CoreData.framework */ = {isa = PBXFileReference; lastKnownFileType = wrapper.framework; name = CoreData.framework; path = System/Library/Frameworks/CoreData.framework; sourceTree = SDKROOT; };
		B37C6F9E15E4AFCF0045CCE0 /* PDFshadow.png */ = {isa = PBXFileReference; lastKnownFileType = image.png; path = PDFshadow.png; sourceTree = "<group>"; };
		B3A0D75515CA455B000CFE24 /* UIImageView+ImagePackage.h */ = {isa = PBXFileReference; fileEncoding = 4; lastKnownFileType = sourcecode.c.h; path = "UIImageView+ImagePackage.h"; sourceTree = "<group>"; };
		B3A0D75615CA455B000CFE24 /* UIImageView+ImagePackage.m */ = {isa = PBXFileReference; fileEncoding = 4; lastKnownFileType = sourcecode.c.objc; path = "UIImageView+ImagePackage.m"; sourceTree = "<group>"; };
		B3BB581E15D4BD07003A70CA /* btn_plus_normal.png */ = {isa = PBXFileReference; lastKnownFileType = image.png; path = btn_plus_normal.png; sourceTree = "<group>"; };
		B3BB581F15D4BD07003A70CA /* btn_normal_pressed.png */ = {isa = PBXFileReference; lastKnownFileType = image.png; path = btn_normal_pressed.png; sourceTree = "<group>"; };
		B3BB582015D4BD07003A70CA /* btn_back_pressed.png */ = {isa = PBXFileReference; lastKnownFileType = image.png; path = btn_back_pressed.png; sourceTree = "<group>"; };
		B3BB582115D4BD07003A70CA /* btn_back_normal.png */ = {isa = PBXFileReference; lastKnownFileType = image.png; path = btn_back_normal.png; sourceTree = "<group>"; };
		B3BF928515BBDED0003BF245 /* MessageUI.framework */ = {isa = PBXFileReference; lastKnownFileType = wrapper.framework; name = MessageUI.framework; path = System/Library/Frameworks/MessageUI.framework; sourceTree = SDKROOT; };
		B3E527B315B796C100AA840B /* FieldReport.app */ = {isa = PBXFileReference; explicitFileType = wrapper.application; includeInIndex = 0; path = FieldReport.app; sourceTree = BUILT_PRODUCTS_DIR; };
		B3E527B715B796C100AA840B /* UIKit.framework */ = {isa = PBXFileReference; lastKnownFileType = wrapper.framework; name = UIKit.framework; path = System/Library/Frameworks/UIKit.framework; sourceTree = SDKROOT; };
		B3E527B915B796C100AA840B /* Foundation.framework */ = {isa = PBXFileReference; lastKnownFileType = wrapper.framework; name = Foundation.framework; path = System/Library/Frameworks/Foundation.framework; sourceTree = SDKROOT; };
		B3E527BB15B796C100AA840B /* CoreGraphics.framework */ = {isa = PBXFileReference; lastKnownFileType = wrapper.framework; name = CoreGraphics.framework; path = System/Library/Frameworks/CoreGraphics.framework; sourceTree = SDKROOT; };
		B3E527BF15B796C100AA840B /* FieldReport-Info.plist */ = {isa = PBXFileReference; lastKnownFileType = text.plist.xml; path = "FieldReport-Info.plist"; sourceTree = "<group>"; };
		B3E527C115B796C100AA840B /* en */ = {isa = PBXFileReference; lastKnownFileType = text.plist.strings; name = en; path = en.lproj/InfoPlist.strings; sourceTree = "<group>"; };
		B3E527C315B796C100AA840B /* main.m */ = {isa = PBXFileReference; lastKnownFileType = sourcecode.c.objc; path = main.m; sourceTree = "<group>"; };
		B3E527C515B796C100AA840B /* FieldReport-Prefix.pch */ = {isa = PBXFileReference; lastKnownFileType = sourcecode.c.h; path = "FieldReport-Prefix.pch"; sourceTree = "<group>"; };
		B3E527C615B796C100AA840B /* PeopleAppDelegate.h */ = {isa = PBXFileReference; lastKnownFileType = sourcecode.c.h; path = PeopleAppDelegate.h; sourceTree = "<group>"; };
		B3E527C715B796C100AA840B /* PeopleAppDelegate.m */ = {isa = PBXFileReference; lastKnownFileType = sourcecode.c.objc; path = PeopleAppDelegate.m; sourceTree = "<group>"; };
		B3E527CA15B796C100AA840B /* en */ = {isa = PBXFileReference; lastKnownFileType = file.storyboard; name = en; path = en.lproj/MainStoryboard.storyboard; sourceTree = "<group>"; };
		B3E527CC15B796C100AA840B /* PeopleViewController.h */ = {isa = PBXFileReference; lastKnownFileType = sourcecode.c.h; path = PeopleViewController.h; sourceTree = "<group>"; };
		B3E527CD15B796C100AA840B /* PeopleViewController.m */ = {isa = PBXFileReference; lastKnownFileType = sourcecode.c.objc; path = PeopleViewController.m; sourceTree = "<group>"; };
		B3E527D415B7999A00AA840B /* PersonalInterviewViewController.h */ = {isa = PBXFileReference; fileEncoding = 4; lastKnownFileType = sourcecode.c.h; path = PersonalInterviewViewController.h; sourceTree = "<group>"; };
		B3E527D515B7999A00AA840B /* PersonalInterviewViewController.m */ = {isa = PBXFileReference; fileEncoding = 4; lastKnownFileType = sourcecode.c.objc; path = PersonalInterviewViewController.m; sourceTree = "<group>"; };
		B3E5280415B939A700AA840B /* QuartzCore.framework */ = {isa = PBXFileReference; lastKnownFileType = wrapper.framework; name = QuartzCore.framework; path = System/Library/Frameworks/QuartzCore.framework; sourceTree = SDKROOT; };
		B3EC364215DA2B9B00200FEB /* photo.png */ = {isa = PBXFileReference; lastKnownFileType = image.png; path = photo.png; sourceTree = "<group>"; };
		B3EC364315DA2B9B00200FEB /* note.png */ = {isa = PBXFileReference; lastKnownFileType = image.png; path = note.png; sourceTree = "<group>"; };
		B3EC364415DA2B9B00200FEB /* profile.png */ = {isa = PBXFileReference; lastKnownFileType = image.png; path = profile.png; sourceTree = "<group>"; };
		B3EC364515DA2B9B00200FEB /* quote.png */ = {isa = PBXFileReference; lastKnownFileType = image.png; path = quote.png; sourceTree = "<group>"; };
		B3EC364E15DA2D7E00200FEB /* add_email.png */ = {isa = PBXFileReference; lastKnownFileType = image.png; path = add_email.png; sourceTree = "<group>"; };
		B3EC364F15DA2D7E00200FEB /* add_photo.png */ = {isa = PBXFileReference; lastKnownFileType = image.png; path = add_photo.png; sourceTree = "<group>"; };
		B3EC365015DA2D7E00200FEB /* add_postit.png */ = {isa = PBXFileReference; lastKnownFileType = image.png; path = add_postit.png; sourceTree = "<group>"; };
		B3EC365115DA2D7E00200FEB /* add_quote.png */ = {isa = PBXFileReference; lastKnownFileType = image.png; path = add_quote.png; sourceTree = "<group>"; };
		B3F2840715BB04240016BB94 /* PortraitCell.xib */ = {isa = PBXFileReference; fileEncoding = 4; lastKnownFileType = file.xib; path = PortraitCell.xib; sourceTree = "<group>"; };
		B3F40B5A15C2942B0005B212 /* NoteCell.xib */ = {isa = PBXFileReference; fileEncoding = 4; lastKnownFileType = file.xib; path = NoteCell.xib; sourceTree = "<group>"; };
		B3FB4BC717017EE400F5503E /* PDFGenerateViewController.h */ = {isa = PBXFileReference; fileEncoding = 4; lastKnownFileType = sourcecode.c.h; path = PDFGenerateViewController.h; sourceTree = "<group>"; };
		B3FB4BC817017EE400F5503E /* PDFGenerateViewController.m */ = {isa = PBXFileReference; fileEncoding = 4; lastKnownFileType = sourcecode.c.objc; path = PDFGenerateViewController.m; sourceTree = "<group>"; };
		B3FB4BCA1701860C00F5503E /* NSFileManager+CreateUniqueFilePath.h */ = {isa = PBXFileReference; fileEncoding = 4; lastKnownFileType = sourcecode.c.h; path = "NSFileManager+CreateUniqueFilePath.h"; sourceTree = "<group>"; };
		B3FB4BCB1701860C00F5503E /* NSFileManager+CreateUniqueFilePath.m */ = {isa = PBXFileReference; fileEncoding = 4; lastKnownFileType = sourcecode.c.objc; path = "NSFileManager+CreateUniqueFilePath.m"; sourceTree = "<group>"; };
/* End PBXFileReference section */

/* Begin PBXFrameworksBuildPhase section */
		B3E527B015B796C100AA840B /* Frameworks */ = {
			isa = PBXFrameworksBuildPhase;
			buildActionMask = 2147483647;
			files = (
				B351DDAB16F5D89A00774FEA /* CoreData.framework in Frameworks */,
				B3BF928615BBDED0003BF245 /* MessageUI.framework in Frameworks */,
				B3E5280515B939A700AA840B /* QuartzCore.framework in Frameworks */,
				B3E527B815B796C100AA840B /* UIKit.framework in Frameworks */,
				B3E527BA15B796C100AA840B /* Foundation.framework in Frameworks */,
				B3E527BC15B796C100AA840B /* CoreGraphics.framework in Frameworks */,
			);
			runOnlyForDeploymentPostprocessing = 0;
		};
/* End PBXFrameworksBuildPhase section */

/* Begin PBXGroup section */
		B3E527A815B796C100AA840B = {
			isa = PBXGroup;
			children = (
				B3E527BD15B796C100AA840B /* Instantview */,
				B3E527B615B796C100AA840B /* Frameworks */,
				B3E527B415B796C100AA840B /* Products */,
			);
			sourceTree = "<group>";
		};
		B3E527B415B796C100AA840B /* Products */ = {
			isa = PBXGroup;
			children = (
				B3E527B315B796C100AA840B /* FieldReport.app */,
			);
			name = Products;
			sourceTree = "<group>";
		};
		B3E527B615B796C100AA840B /* Frameworks */ = {
			isa = PBXGroup;
			children = (
				B351DDAA16F5D89A00774FEA /* CoreData.framework */,
				B3BF928515BBDED0003BF245 /* MessageUI.framework */,
				B3E5280415B939A700AA840B /* QuartzCore.framework */,
				B3E527B715B796C100AA840B /* UIKit.framework */,
				B3E527B915B796C100AA840B /* Foundation.framework */,
				B3E527BB15B796C100AA840B /* CoreGraphics.framework */,
			);
			name = Frameworks;
			sourceTree = "<group>";
		};
		B3E527BD15B796C100AA840B /* Instantview */ = {
			isa = PBXGroup;
			children = (
				B3FB4BCA1701860C00F5503E /* NSFileManager+CreateUniqueFilePath.h */,
				B3FB4BCB1701860C00F5503E /* NSFileManager+CreateUniqueFilePath.m */,
				B3E527D715B799A400AA840B /* First Hierachy */,
				B3E527D815B799B900AA840B /* Second Hierachy */,
				B3E527C915B796C100AA840B /* MainStoryboard.storyboard */,
				B3A0D75515CA455B000CFE24 /* UIImageView+ImagePackage.h */,
				B3A0D75615CA455B000CFE24 /* UIImageView+ImagePackage.m */,
				B3E527BE15B796C100AA840B /* Supporting Files */,
				B30DB64F15D8D7FA007C69AD /* Constant.h */,
				B351DD9B16F5BBD100774FEA /* Photo.h */,
				B351DD9C16F5BBD100774FEA /* Photo.m */,
				B351DD9816F5BBD100774FEA /* Note.h */,
				B351DD9916F5BBD100774FEA /* Note.m */,
				B351DD9516F5BBD100774FEA /* Quote.h */,
				B351DD9616F5BBD100774FEA /* Quote.m */,
			);
			path = Instantview;
			sourceTree = "<group>";
		};
		B3E527BE15B796C100AA840B /* Supporting Files */ = {
			isa = PBXGroup;
			children = (
				B319B26415E79C6C00F42418 /* Default@2x.png */,
				B3046F5815E5FF9B003E6AFB /* Icon.png */,
				B3046F5915E5FF9B003E6AFB /* iTunesArtwork.png */,
				B3046F5415E5FEB4003E6AFB /* Icon_Small@2x.png */,
				B3046F5515E5FEB4003E6AFB /* Icon@2x.png */,
				B3E527C615B796C100AA840B /* PeopleAppDelegate.h */,
				B3E527C715B796C100AA840B /* PeopleAppDelegate.m */,
				B31AB8E415BC514900DFC97B /* Kefa.ttc */,
				B3E527BF15B796C100AA840B /* FieldReport-Info.plist */,
				B3E527C015B796C100AA840B /* InfoPlist.strings */,
				B3E527C315B796C100AA840B /* main.m */,
				B3E527C515B796C100AA840B /* FieldReport-Prefix.pch */,
			);
			name = "Supporting Files";
			sourceTree = "<group>";
		};
		B3E527D715B799A400AA840B /* First Hierachy */ = {
			isa = PBXGroup;
			children = (
				B3E527CC15B796C100AA840B /* PeopleViewController.h */,
				B3E527CD15B796C100AA840B /* PeopleViewController.m */,
				B333577A15BA7B9100522B08 /* PersonListCell.xib */,
			);
			name = "First Hierachy";
			sourceTree = "<group>";
		};
		B3E527D815B799B900AA840B /* Second Hierachy */ = {
			isa = PBXGroup;
			children = (
				B3E527E615B79FF700AA840B /* Images */,
				B3E527D915B79F3800AA840B /* SubViews */,
			);
			name = "Second Hierachy";
			sourceTree = "<group>";
		};
		B3E527D915B79F3800AA840B /* SubViews */ = {
			isa = PBXGroup;
			children = (
				B31AB8E615BC616700DFC97B /* PhotoCell.xib */,
				B34E762015C4319D00ECB2D7 /* QuoteCell.xib */,
				B3F40B5A15C2942B0005B212 /* NoteCell.xib */,
				B3F2840715BB04240016BB94 /* PortraitCell.xib */,
				B3E527D415B7999A00AA840B /* PersonalInterviewViewController.h */,
				B3E527D515B7999A00AA840B /* PersonalInterviewViewController.m */,
				B3FB4BC717017EE400F5503E /* PDFGenerateViewController.h */,
				B3FB4BC817017EE400F5503E /* PDFGenerateViewController.m */,
			);
			name = SubViews;
			sourceTree = "<group>";
		};
		B3E527E615B79FF700AA840B /* Images */ = {
			isa = PBXGroup;
			children = (
				B319B26215E79C3D00F42418 /* background.png */,
				B34E5AF015E6480B002A3E5B /* list_default_image.gif */,
				B3046F6215E613AC003E6AFB /* btn_close_normal.png */,
				B3046F6315E613AC003E6AFB /* btn_close_pressed.png */,
				B3046F4E15E5FD34003E6AFB /* int_nav.gif */,
				B3046F5015E5FD34003E6AFB /* list_nav.gif */,
				B37C6F9E15E4AFCF0045CCE0 /* PDFshadow.png */,
				B3EC364E15DA2D7E00200FEB /* add_email.png */,
				B3EC364F15DA2D7E00200FEB /* add_photo.png */,
				B3EC365015DA2D7E00200FEB /* add_postit.png */,
				B3EC365115DA2D7E00200FEB /* add_quote.png */,
				B3EC364215DA2B9B00200FEB /* photo.png */,
				B3EC364315DA2B9B00200FEB /* note.png */,
				B3EC364415DA2B9B00200FEB /* profile.png */,
				B3EC364515DA2B9B00200FEB /* quote.png */,
				B3BB581E15D4BD07003A70CA /* btn_plus_normal.png */,
				B3BB581F15D4BD07003A70CA /* btn_normal_pressed.png */,
				B3BB582015D4BD07003A70CA /* btn_back_pressed.png */,
				B3BB582115D4BD07003A70CA /* btn_back_normal.png */,
			);
			name = Images;
			sourceTree = "<group>";
		};
/* End PBXGroup section */

/* Begin PBXNativeTarget section */
		B3E527B215B796C100AA840B /* FieldReport */ = {
			isa = PBXNativeTarget;
			buildConfigurationList = B3E527D115B796C100AA840B /* Build configuration list for PBXNativeTarget "FieldReport" */;
			buildPhases = (
				B3E527AF15B796C100AA840B /* Sources */,
				B3E527B015B796C100AA840B /* Frameworks */,
				B3E527B115B796C100AA840B /* Resources */,
			);
			buildRules = (
			);
			dependencies = (
			);
			name = FieldReport;
			productName = Instantview;
			productReference = B3E527B315B796C100AA840B /* FieldReport.app */;
			productType = "com.apple.product-type.application";
		};
/* End PBXNativeTarget section */

/* Begin PBXProject section */
		B3E527AA15B796C100AA840B /* Project object */ = {
			isa = PBXProject;
			attributes = {
				CLASSPREFIX = People;
				LastUpgradeCheck = 0460;
			};
			buildConfigurationList = B3E527AD15B796C100AA840B /* Build configuration list for PBXProject "FieldReport" */;
			compatibilityVersion = "Xcode 3.2";
			developmentRegion = English;
			hasScannedForEncodings = 0;
			knownRegions = (
				en,
			);
			mainGroup = B3E527A815B796C100AA840B;
			productRefGroup = B3E527B415B796C100AA840B /* Products */;
			projectDirPath = "";
			projectRoot = "";
			targets = (
				B3E527B215B796C100AA840B /* FieldReport */,
			);
		};
/* End PBXProject section */

/* Begin PBXResourcesBuildPhase section */
		B3E527B115B796C100AA840B /* Resources */ = {
			isa = PBXResourcesBuildPhase;
			buildActionMask = 2147483647;
			files = (
				B31AB8E515BC514900DFC97B /* Kefa.ttc in Resources */,
				B3E527C215B796C100AA840B /* InfoPlist.strings in Resources */,
				B3E527CB15B796C100AA840B /* MainStoryboard.storyboard in Resources */,
				B333577B15BA7B9100522B08 /* PersonListCell.xib in Resources */,
				B3F2840815BB04240016BB94 /* PortraitCell.xib in Resources */,
				B31AB8E715BC616700DFC97B /* PhotoCell.xib in Resources */,
				B3F40B5B15C2942B0005B212 /* NoteCell.xib in Resources */,
				B34E762115C4319D00ECB2D7 /* QuoteCell.xib in Resources */,
				B3BB582D15D4BD07003A70CA /* btn_plus_normal.png in Resources */,
				B3BB582E15D4BD07003A70CA /* btn_normal_pressed.png in Resources */,
				B3BB582F15D4BD07003A70CA /* btn_back_pressed.png in Resources */,
				B3BB583015D4BD07003A70CA /* btn_back_normal.png in Resources */,
				B3EC364615DA2B9B00200FEB /* photo.png in Resources */,
				B3EC364715DA2B9B00200FEB /* note.png in Resources */,
				B3EC364815DA2B9B00200FEB /* profile.png in Resources */,
				B3EC364915DA2B9B00200FEB /* quote.png in Resources */,
				B3EC365215DA2D7E00200FEB /* add_email.png in Resources */,
				B3EC365315DA2D7E00200FEB /* add_photo.png in Resources */,
				B3EC365415DA2D7E00200FEB /* add_postit.png in Resources */,
				B3EC365515DA2D7E00200FEB /* add_quote.png in Resources */,
				B37C6F9F15E4AFCF0045CCE0 /* PDFshadow.png in Resources */,
				B3046F5115E5FD34003E6AFB /* int_nav.gif in Resources */,
				B3046F5315E5FD34003E6AFB /* list_nav.gif in Resources */,
				B3046F5615E5FEB4003E6AFB /* Icon_Small@2x.png in Resources */,
				B3046F5715E5FEB4003E6AFB /* Icon@2x.png in Resources */,
				B3046F5A15E5FF9B003E6AFB /* Icon.png in Resources */,
				B3046F5B15E5FF9B003E6AFB /* iTunesArtwork.png in Resources */,
				B3046F6415E613AC003E6AFB /* btn_close_normal.png in Resources */,
				B3046F6515E613AC003E6AFB /* btn_close_pressed.png in Resources */,
				B34E5AF115E6480C002A3E5B /* list_default_image.gif in Resources */,
				B319B26315E79C3D00F42418 /* background.png in Resources */,
				B319B26515E79C6C00F42418 /* Default@2x.png in Resources */,
			);
			runOnlyForDeploymentPostprocessing = 0;
		};
/* End PBXResourcesBuildPhase section */

/* Begin PBXSourcesBuildPhase section */
		B3E527AF15B796C100AA840B /* Sources */ = {
			isa = PBXSourcesBuildPhase;
			buildActionMask = 2147483647;
			files = (
				B3E527C415B796C100AA840B /* main.m in Sources */,
				B3E527C815B796C100AA840B /* PeopleAppDelegate.m in Sources */,
				B3E527CE15B796C100AA840B /* PeopleViewController.m in Sources */,
				B3E527D615B7999A00AA840B /* PersonalInterviewViewController.m in Sources */,
				B3A0D75715CA455B000CFE24 /* UIImageView+ImagePackage.m in Sources */,
				B351DD9716F5BBD100774FEA /* Quote.m in Sources */,
				B351DD9A16F5BBD100774FEA /* Note.m in Sources */,
				B351DD9D16F5BBD100774FEA /* Photo.m in Sources */,
				B3FB4BC917017EE400F5503E /* PDFGenerateViewController.m in Sources */,
				B3FB4BCC1701860C00F5503E /* NSFileManager+CreateUniqueFilePath.m in Sources */,
			);
			runOnlyForDeploymentPostprocessing = 0;
		};
/* End PBXSourcesBuildPhase section */

/* Begin PBXVariantGroup section */
		B3E527C015B796C100AA840B /* InfoPlist.strings */ = {
			isa = PBXVariantGroup;
			children = (
				B3E527C115B796C100AA840B /* en */,
			);
			name = InfoPlist.strings;
			sourceTree = "<group>";
		};
		B3E527C915B796C100AA840B /* MainStoryboard.storyboard */ = {
			isa = PBXVariantGroup;
			children = (
				B3E527CA15B796C100AA840B /* en */,
			);
			name = MainStoryboard.storyboard;
			sourceTree = "<group>";
		};
/* End PBXVariantGroup section */

/* Begin XCBuildConfiguration section */
		B3E527CF15B796C100AA840B /* Debug */ = {
			isa = XCBuildConfiguration;
			buildSettings = {
				ALWAYS_SEARCH_USER_PATHS = NO;
				ARCHS = "$(ARCHS_STANDARD_32_BIT)";
				CLANG_ENABLE_OBJC_ARC = YES;
				CLANG_WARN_CONSTANT_CONVERSION = YES;
				CLANG_WARN_ENUM_CONVERSION = YES;
				CLANG_WARN_INT_CONVERSION = YES;
				CLANG_WARN__DUPLICATE_METHOD_MATCH = YES;
				"CODE_SIGN_IDENTITY[sdk=iphoneos*]" = "iPhone Developer";
				COPY_PHASE_STRIP = NO;
				GCC_C_LANGUAGE_STANDARD = gnu99;
				GCC_DYNAMIC_NO_PIC = NO;
				GCC_OPTIMIZATION_LEVEL = 0;
				GCC_PREPROCESSOR_DEFINITIONS = (
					"DEBUG=1",
					"$(inherited)",
				);
				GCC_SYMBOLS_PRIVATE_EXTERN = NO;
				GCC_VERSION = com.apple.compilers.llvm.clang.1_0;
				GCC_WARN_ABOUT_RETURN_TYPE = YES;
				GCC_WARN_UNINITIALIZED_AUTOS = YES;
				GCC_WARN_UNUSED_VARIABLE = YES;
				IPHONEOS_DEPLOYMENT_TARGET = 5.1;
				SDKROOT = iphoneos;
			};
			name = Debug;
		};
		B3E527D015B796C100AA840B /* Release */ = {
			isa = XCBuildConfiguration;
			buildSettings = {
				ALWAYS_SEARCH_USER_PATHS = NO;
				ARCHS = "$(ARCHS_STANDARD_32_BIT)";
				CLANG_ENABLE_OBJC_ARC = YES;
				CLANG_WARN_CONSTANT_CONVERSION = YES;
				CLANG_WARN_ENUM_CONVERSION = YES;
				CLANG_WARN_INT_CONVERSION = YES;
				CLANG_WARN__DUPLICATE_METHOD_MATCH = YES;
				"CODE_SIGN_IDENTITY[sdk=iphoneos*]" = "iPhone Developer";
				COPY_PHASE_STRIP = YES;
				GCC_C_LANGUAGE_STANDARD = gnu99;
				GCC_VERSION = com.apple.compilers.llvm.clang.1_0;
				GCC_WARN_ABOUT_RETURN_TYPE = YES;
				GCC_WARN_UNINITIALIZED_AUTOS = YES;
				GCC_WARN_UNUSED_VARIABLE = YES;
				IPHONEOS_DEPLOYMENT_TARGET = 5.1;
				OTHER_CFLAGS = "-DNS_BLOCK_ASSERTIONS=1";
				SDKROOT = iphoneos;
				VALIDATE_PRODUCT = YES;
			};
			name = Release;
		};
		B3E527D215B796C100AA840B /* Debug */ = {
			isa = XCBuildConfiguration;
			buildSettings = {
				GCC_PRECOMPILE_PREFIX_HEADER = YES;
				GCC_PREFIX_HEADER = "Instantview/FieldReport-Prefix.pch";
				INFOPLIST_FILE = "Instantview/FieldReport-Info.plist";
				PRODUCT_NAME = FieldReport;
				WRAPPER_EXTENSION = app;
			};
			name = Debug;
		};
		B3E527D315B796C100AA840B /* Release */ = {
			isa = XCBuildConfiguration;
			buildSettings = {
				GCC_PRECOMPILE_PREFIX_HEADER = YES;
				GCC_PREFIX_HEADER = "Instantview/FieldReport-Prefix.pch";
				INFOPLIST_FILE = "Instantview/FieldReport-Info.plist";
				PRODUCT_NAME = FieldReport;
				WRAPPER_EXTENSION = app;
			};
			name = Release;
		};
/* End XCBuildConfiguration section */

/* Begin XCConfigurationList section */
		B3E527AD15B796C100AA840B /* Build configuration list for PBXProject "FieldReport" */ = {
			isa = XCConfigurationList;
			buildConfigurations = (
				B3E527CF15B796C100AA840B /* Debug */,
				B3E527D015B796C100AA840B /* Release */,
			);
			defaultConfigurationIsVisible = 0;
			defaultConfigurationName = Release;
		};
		B3E527D115B796C100AA840B /* Build configuration list for PBXNativeTarget "FieldReport" */ = {
			isa = XCConfigurationList;
			buildConfigurations = (
				B3E527D215B796C100AA840B /* Debug */,
				B3E527D315B796C100AA840B /* Release */,
			);
			defaultConfigurationIsVisible = 0;
			defaultConfigurationName = Release;
		};
/* End XCConfigurationList section */
	};
	rootObject = B3E527AA15B796C100AA840B /* Project object */;
}
