// !$*UTF8*$!
{
	archiveVersion = 1;
	classes = {
	};
	objectVersion = 46;
	objects = {

/* Begin PBXBuildFile section */
		B333577B15BA7B9100522B08 /* PersonListCell.xib in Resources */ = {isa = PBXBuildFile; fileRef = B333577A15BA7B9100522B08 /* PersonListCell.xib */; };
		B3BF928615BBDED0003BF245 /* MessageUI.framework in Frameworks */ = {isa = PBXBuildFile; fileRef = B3BF928515BBDED0003BF245 /* MessageUI.framework */; };
		B3E527B815B796C100AA840B /* UIKit.framework in Frameworks */ = {isa = PBXBuildFile; fileRef = B3E527B715B796C100AA840B /* UIKit.framework */; };
		B3E527BA15B796C100AA840B /* Foundation.framework in Frameworks */ = {isa = PBXBuildFile; fileRef = B3E527B915B796C100AA840B /* Foundation.framework */; };
		B3E527BC15B796C100AA840B /* CoreGraphics.framework in Frameworks */ = {isa = PBXBuildFile; fileRef = B3E527BB15B796C100AA840B /* CoreGraphics.framework */; };
		B3E527C215B796C100AA840B /* InfoPlist.strings in Resources */ = {isa = PBXBuildFile; fileRef = B3E527C015B796C100AA840B /* InfoPlist.strings */; };
		B3E527C415B796C100AA840B /* main.m in Sources */ = {isa = PBXBuildFile; fileRef = B3E527C315B796C100AA840B /* main.m */; };
		B3E527C815B796C100AA840B /* PeopleAppDelegate.m in Sources */ = {isa = PBXBuildFile; fileRef = B3E527C715B796C100AA840B /* PeopleAppDelegate.m */; };
		B3E527CB15B796C100AA840B /* MainStoryboard.storyboard in Resources */ = {isa = PBXBuildFile; fileRef = B3E527C915B796C100AA840B /* MainStoryboard.storyboard */; };
		B3E527CE15B796C100AA840B /* PeopleViewController.m in Sources */ = {isa = PBXBuildFile; fileRef = B3E527CD15B796C100AA840B /* PeopleViewController.m */; };
		B3E527D615B7999A00AA840B /* PersonalInterviewViewController.m in Sources */ = {isa = PBXBuildFile; fileRef = B3E527D515B7999A00AA840B /* PersonalInterviewViewController.m */; };
		B3E527EA15B7A05A00AA840B /* Photo.png in Resources */ = {isa = PBXBuildFile; fileRef = B3E527E715B7A05A00AA840B /* Photo.png */; };
		B3E527EB15B7A05A00AA840B /* Note.png in Resources */ = {isa = PBXBuildFile; fileRef = B3E527E815B7A05A00AA840B /* Note.png */; };
		B3E527EC15B7A05A00AA840B /* Quote.png in Resources */ = {isa = PBXBuildFile; fileRef = B3E527E915B7A05A00AA840B /* Quote.png */; };
		B3E527FD15B8FC9700AA840B /* PhotoCell.m in Sources */ = {isa = PBXBuildFile; fileRef = B3E527FC15B8FC9700AA840B /* PhotoCell.m */; };
		B3E5280015B9104300AA840B /* QuoteCell.m in Sources */ = {isa = PBXBuildFile; fileRef = B3E527FF15B9104300AA840B /* QuoteCell.m */; };
		B3E5280315B92A2000AA840B /* NoteCell.m in Sources */ = {isa = PBXBuildFile; fileRef = B3E5280215B92A1F00AA840B /* NoteCell.m */; };
		B3E5280515B939A700AA840B /* QuartzCore.framework in Frameworks */ = {isa = PBXBuildFile; fileRef = B3E5280415B939A700AA840B /* QuartzCore.framework */; };
		B3F2840515BB00C90016BB94 /* background.jpg in Resources */ = {isa = PBXBuildFile; fileRef = B3F2840415BB00C90016BB94 /* background.jpg */; };
		B3F2840815BB04240016BB94 /* PortraitCell.xib in Resources */ = {isa = PBXBuildFile; fileRef = B3F2840715BB04240016BB94 /* PortraitCell.xib */; };
/* End PBXBuildFile section */

/* Begin PBXFileReference section */
		B333577A15BA7B9100522B08 /* PersonListCell.xib */ = {isa = PBXFileReference; fileEncoding = 4; lastKnownFileType = file.xib; path = PersonListCell.xib; sourceTree = "<group>"; };
		B3BF928515BBDED0003BF245 /* MessageUI.framework */ = {isa = PBXFileReference; lastKnownFileType = wrapper.framework; name = MessageUI.framework; path = System/Library/Frameworks/MessageUI.framework; sourceTree = SDKROOT; };
		B3E527B315B796C100AA840B /* Instantview.app */ = {isa = PBXFileReference; explicitFileType = wrapper.application; includeInIndex = 0; path = Instantview.app; sourceTree = BUILT_PRODUCTS_DIR; };
		B3E527B715B796C100AA840B /* UIKit.framework */ = {isa = PBXFileReference; lastKnownFileType = wrapper.framework; name = UIKit.framework; path = System/Library/Frameworks/UIKit.framework; sourceTree = SDKROOT; };
		B3E527B915B796C100AA840B /* Foundation.framework */ = {isa = PBXFileReference; lastKnownFileType = wrapper.framework; name = Foundation.framework; path = System/Library/Frameworks/Foundation.framework; sourceTree = SDKROOT; };
		B3E527BB15B796C100AA840B /* CoreGraphics.framework */ = {isa = PBXFileReference; lastKnownFileType = wrapper.framework; name = CoreGraphics.framework; path = System/Library/Frameworks/CoreGraphics.framework; sourceTree = SDKROOT; };
		B3E527BF15B796C100AA840B /* Instantview-Info.plist */ = {isa = PBXFileReference; lastKnownFileType = text.plist.xml; path = "Instantview-Info.plist"; sourceTree = "<group>"; };
		B3E527C115B796C100AA840B /* en */ = {isa = PBXFileReference; lastKnownFileType = text.plist.strings; name = en; path = en.lproj/InfoPlist.strings; sourceTree = "<group>"; };
		B3E527C315B796C100AA840B /* main.m */ = {isa = PBXFileReference; lastKnownFileType = sourcecode.c.objc; path = main.m; sourceTree = "<group>"; };
		B3E527C515B796C100AA840B /* Instantview-Prefix.pch */ = {isa = PBXFileReference; lastKnownFileType = sourcecode.c.h; path = "Instantview-Prefix.pch"; sourceTree = "<group>"; };
		B3E527C615B796C100AA840B /* PeopleAppDelegate.h */ = {isa = PBXFileReference; lastKnownFileType = sourcecode.c.h; path = PeopleAppDelegate.h; sourceTree = "<group>"; };
		B3E527C715B796C100AA840B /* PeopleAppDelegate.m */ = {isa = PBXFileReference; lastKnownFileType = sourcecode.c.objc; path = PeopleAppDelegate.m; sourceTree = "<group>"; };
		B3E527CA15B796C100AA840B /* en */ = {isa = PBXFileReference; lastKnownFileType = file.storyboard; name = en; path = en.lproj/MainStoryboard.storyboard; sourceTree = "<group>"; };
		B3E527CC15B796C100AA840B /* PeopleViewController.h */ = {isa = PBXFileReference; lastKnownFileType = sourcecode.c.h; path = PeopleViewController.h; sourceTree = "<group>"; };
		B3E527CD15B796C100AA840B /* PeopleViewController.m */ = {isa = PBXFileReference; lastKnownFileType = sourcecode.c.objc; path = PeopleViewController.m; sourceTree = "<group>"; };
		B3E527D415B7999A00AA840B /* PersonalInterviewViewController.h */ = {isa = PBXFileReference; fileEncoding = 4; lastKnownFileType = sourcecode.c.h; path = PersonalInterviewViewController.h; sourceTree = "<group>"; };
		B3E527D515B7999A00AA840B /* PersonalInterviewViewController.m */ = {isa = PBXFileReference; fileEncoding = 4; lastKnownFileType = sourcecode.c.objc; path = PersonalInterviewViewController.m; sourceTree = "<group>"; };
		B3E527E715B7A05A00AA840B /* Photo.png */ = {isa = PBXFileReference; lastKnownFileType = image.png; path = Photo.png; sourceTree = "<group>"; };
		B3E527E815B7A05A00AA840B /* Note.png */ = {isa = PBXFileReference; lastKnownFileType = image.png; path = Note.png; sourceTree = "<group>"; };
		B3E527E915B7A05A00AA840B /* Quote.png */ = {isa = PBXFileReference; lastKnownFileType = image.png; path = Quote.png; sourceTree = "<group>"; };
		B3E527FB15B8FC9700AA840B /* PhotoCell.h */ = {isa = PBXFileReference; fileEncoding = 4; lastKnownFileType = sourcecode.c.h; path = PhotoCell.h; sourceTree = "<group>"; };
		B3E527FC15B8FC9700AA840B /* PhotoCell.m */ = {isa = PBXFileReference; fileEncoding = 4; lastKnownFileType = sourcecode.c.objc; path = PhotoCell.m; sourceTree = "<group>"; };
		B3E527FE15B9104300AA840B /* QuoteCell.h */ = {isa = PBXFileReference; fileEncoding = 4; lastKnownFileType = sourcecode.c.h; path = QuoteCell.h; sourceTree = "<group>"; };
		B3E527FF15B9104300AA840B /* QuoteCell.m */ = {isa = PBXFileReference; fileEncoding = 4; lastKnownFileType = sourcecode.c.objc; path = QuoteCell.m; sourceTree = "<group>"; };
		B3E5280115B92A1F00AA840B /* NoteCell.h */ = {isa = PBXFileReference; fileEncoding = 4; lastKnownFileType = sourcecode.c.h; path = NoteCell.h; sourceTree = "<group>"; };
		B3E5280215B92A1F00AA840B /* NoteCell.m */ = {isa = PBXFileReference; fileEncoding = 4; lastKnownFileType = sourcecode.c.objc; path = NoteCell.m; sourceTree = "<group>"; };
		B3E5280415B939A700AA840B /* QuartzCore.framework */ = {isa = PBXFileReference; lastKnownFileType = wrapper.framework; name = QuartzCore.framework; path = System/Library/Frameworks/QuartzCore.framework; sourceTree = SDKROOT; };
		B3F2840415BB00C90016BB94 /* background.jpg */ = {isa = PBXFileReference; lastKnownFileType = image.jpeg; path = background.jpg; sourceTree = "<group>"; };
		B3F2840715BB04240016BB94 /* PortraitCell.xib */ = {isa = PBXFileReference; fileEncoding = 4; lastKnownFileType = file.xib; path = PortraitCell.xib; sourceTree = "<group>"; };
/* End PBXFileReference section */

/* Begin PBXFrameworksBuildPhase section */
		B3E527B015B796C100AA840B /* Frameworks */ = {
			isa = PBXFrameworksBuildPhase;
			buildActionMask = 2147483647;
			files = (
				B3BF928615BBDED0003BF245 /* MessageUI.framework in Frameworks */,
				B3E5280515B939A700AA840B /* QuartzCore.framework in Frameworks */,
				B3E527B815B796C100AA840B /* UIKit.framework in Frameworks */,
				B3E527BA15B796C100AA840B /* Foundation.framework in Frameworks */,
				B3E527BC15B796C100AA840B /* CoreGraphics.framework in Frameworks */,
			);
			runOnlyForDeploymentPostprocessing = 0;
		};
/* End PBXFrameworksBuildPhase section */

/* Begin PBXGroup section */
		B3E527A815B796C100AA840B = {
			isa = PBXGroup;
			children = (
				B3E527BD15B796C100AA840B /* Instantview */,
				B3E527B615B796C100AA840B /* Frameworks */,
				B3E527B415B796C100AA840B /* Products */,
			);
			sourceTree = "<group>";
		};
		B3E527B415B796C100AA840B /* Products */ = {
			isa = PBXGroup;
			children = (
				B3E527B315B796C100AA840B /* Instantview.app */,
			);
			name = Products;
			sourceTree = "<group>";
		};
		B3E527B615B796C100AA840B /* Frameworks */ = {
			isa = PBXGroup;
			children = (
				B3BF928515BBDED0003BF245 /* MessageUI.framework */,
				B3E5280415B939A700AA840B /* QuartzCore.framework */,
				B3E527B715B796C100AA840B /* UIKit.framework */,
				B3E527B915B796C100AA840B /* Foundation.framework */,
				B3E527BB15B796C100AA840B /* CoreGraphics.framework */,
			);
			name = Frameworks;
			sourceTree = "<group>";
		};
		B3E527BD15B796C100AA840B /* Instantview */ = {
			isa = PBXGroup;
			children = (
				B3E527D715B799A400AA840B /* First Hierachy */,
				B3E527D815B799B900AA840B /* Second Hierachy */,
				B3E527C615B796C100AA840B /* PeopleAppDelegate.h */,
				B3E527C715B796C100AA840B /* PeopleAppDelegate.m */,
				B3E527C915B796C100AA840B /* MainStoryboard.storyboard */,
				B3E527BE15B796C100AA840B /* Supporting Files */,
			);
			path = Instantview;
			sourceTree = "<group>";
		};
		B3E527BE15B796C100AA840B /* Supporting Files */ = {
			isa = PBXGroup;
			children = (
				B3E527BF15B796C100AA840B /* Instantview-Info.plist */,
				B3E527C015B796C100AA840B /* InfoPlist.strings */,
				B3E527C315B796C100AA840B /* main.m */,
				B3E527C515B796C100AA840B /* Instantview-Prefix.pch */,
			);
			name = "Supporting Files";
			sourceTree = "<group>";
		};
		B3E527D715B799A400AA840B /* First Hierachy */ = {
			isa = PBXGroup;
			children = (
				B3E527CC15B796C100AA840B /* PeopleViewController.h */,
				B3E527CD15B796C100AA840B /* PeopleViewController.m */,
				B333577A15BA7B9100522B08 /* PersonListCell.xib */,
			);
			name = "First Hierachy";
			sourceTree = "<group>";
		};
		B3E527D815B799B900AA840B /* Second Hierachy */ = {
			isa = PBXGroup;
			children = (
				B3E527E615B79FF700AA840B /* Images */,
				B3E527D915B79F3800AA840B /* SubViews */,
				B3E527D415B7999A00AA840B /* PersonalInterviewViewController.h */,
				B3E527D515B7999A00AA840B /* PersonalInterviewViewController.m */,
			);
			name = "Second Hierachy";
			sourceTree = "<group>";
		};
		B3E527D915B79F3800AA840B /* SubViews */ = {
			isa = PBXGroup;
			children = (
				B3E527FB15B8FC9700AA840B /* PhotoCell.h */,
				B3E527FC15B8FC9700AA840B /* PhotoCell.m */,
				B3E527FE15B9104300AA840B /* QuoteCell.h */,
				B3E527FF15B9104300AA840B /* QuoteCell.m */,
				B3E5280115B92A1F00AA840B /* NoteCell.h */,
				B3E5280215B92A1F00AA840B /* NoteCell.m */,
				B3F2840715BB04240016BB94 /* PortraitCell.xib */,
			);
			name = SubViews;
			sourceTree = "<group>";
		};
		B3E527E615B79FF700AA840B /* Images */ = {
			isa = PBXGroup;
			children = (
				B3F2840415BB00C90016BB94 /* background.jpg */,
				B3E527E715B7A05A00AA840B /* Photo.png */,
				B3E527E815B7A05A00AA840B /* Note.png */,
				B3E527E915B7A05A00AA840B /* Quote.png */,
			);
			name = Images;
			sourceTree = "<group>";
		};
/* End PBXGroup section */

/* Begin PBXNativeTarget section */
		B3E527B215B796C100AA840B /* Instantview */ = {
			isa = PBXNativeTarget;
			buildConfigurationList = B3E527D115B796C100AA840B /* Build configuration list for PBXNativeTarget "Instantview" */;
			buildPhases = (
				B3E527AF15B796C100AA840B /* Sources */,
				B3E527B015B796C100AA840B /* Frameworks */,
				B3E527B115B796C100AA840B /* Resources */,
			);
			buildRules = (
			);
			dependencies = (
			);
			name = Instantview;
			productName = Instantview;
			productReference = B3E527B315B796C100AA840B /* Instantview.app */;
			productType = "com.apple.product-type.application";
		};
/* End PBXNativeTarget section */

/* Begin PBXProject section */
		B3E527AA15B796C100AA840B /* Project object */ = {
			isa = PBXProject;
			attributes = {
				CLASSPREFIX = People;
				LastUpgradeCheck = 0430;
			};
			buildConfigurationList = B3E527AD15B796C100AA840B /* Build configuration list for PBXProject "Instantview" */;
			compatibilityVersion = "Xcode 3.2";
			developmentRegion = English;
			hasScannedForEncodings = 0;
			knownRegions = (
				en,
			);
			mainGroup = B3E527A815B796C100AA840B;
			productRefGroup = B3E527B415B796C100AA840B /* Products */;
			projectDirPath = "";
			projectRoot = "";
			targets = (
				B3E527B215B796C100AA840B /* Instantview */,
			);
		};
/* End PBXProject section */

/* Begin PBXResourcesBuildPhase section */
		B3E527B115B796C100AA840B /* Resources */ = {
			isa = PBXResourcesBuildPhase;
			buildActionMask = 2147483647;
			files = (
				B3E527C215B796C100AA840B /* InfoPlist.strings in Resources */,
				B3E527CB15B796C100AA840B /* MainStoryboard.storyboard in Resources */,
				B3E527EA15B7A05A00AA840B /* Photo.png in Resources */,
				B3E527EB15B7A05A00AA840B /* Note.png in Resources */,
				B3E527EC15B7A05A00AA840B /* Quote.png in Resources */,
				B333577B15BA7B9100522B08 /* PersonListCell.xib in Resources */,
				B3F2840515BB00C90016BB94 /* background.jpg in Resources */,
				B3F2840815BB04240016BB94 /* PortraitCell.xib in Resources */,
			);
			runOnlyForDeploymentPostprocessing = 0;
		};
/* End PBXResourcesBuildPhase section */

/* Begin PBXSourcesBuildPhase section */
		B3E527AF15B796C100AA840B /* Sources */ = {
			isa = PBXSourcesBuildPhase;
			buildActionMask = 2147483647;
			files = (
				B3E527C415B796C100AA840B /* main.m in Sources */,
				B3E527C815B796C100AA840B /* PeopleAppDelegate.m in Sources */,
				B3E527CE15B796C100AA840B /* PeopleViewController.m in Sources */,
				B3E527D615B7999A00AA840B /* PersonalInterviewViewController.m in Sources */,
				B3E527FD15B8FC9700AA840B /* PhotoCell.m in Sources */,
				B3E5280015B9104300AA840B /* QuoteCell.m in Sources */,
				B3E5280315B92A2000AA840B /* NoteCell.m in Sources */,
			);
			runOnlyForDeploymentPostprocessing = 0;
		};
/* End PBXSourcesBuildPhase section */

/* Begin PBXVariantGroup section */
		B3E527C015B796C100AA840B /* InfoPlist.strings */ = {
			isa = PBXVariantGroup;
			children = (
				B3E527C115B796C100AA840B /* en */,
			);
			name = InfoPlist.strings;
			sourceTree = "<group>";
		};
		B3E527C915B796C100AA840B /* MainStoryboard.storyboard */ = {
			isa = PBXVariantGroup;
			children = (
				B3E527CA15B796C100AA840B /* en */,
			);
			name = MainStoryboard.storyboard;
			sourceTree = "<group>";
		};
/* End PBXVariantGroup section */

/* Begin XCBuildConfiguration section */
		B3E527CF15B796C100AA840B /* Debug */ = {
			isa = XCBuildConfiguration;
			buildSettings = {
				ALWAYS_SEARCH_USER_PATHS = NO;
				ARCHS = "$(ARCHS_STANDARD_32_BIT)";
				CLANG_ENABLE_OBJC_ARC = YES;
				"CODE_SIGN_IDENTITY[sdk=iphoneos*]" = "iPhone Developer";
				COPY_PHASE_STRIP = NO;
				GCC_C_LANGUAGE_STANDARD = gnu99;
				GCC_DYNAMIC_NO_PIC = NO;
				GCC_OPTIMIZATION_LEVEL = 0;
				GCC_PREPROCESSOR_DEFINITIONS = (
					"DEBUG=1",
					"$(inherited)",
				);
				GCC_SYMBOLS_PRIVATE_EXTERN = NO;
				GCC_VERSION = com.apple.compilers.llvm.clang.1_0;
				GCC_WARN_ABOUT_RETURN_TYPE = YES;
				GCC_WARN_UNINITIALIZED_AUTOS = YES;
				GCC_WARN_UNUSED_VARIABLE = YES;
				IPHONEOS_DEPLOYMENT_TARGET = 5.1;
				SDKROOT = iphoneos;
			};
			name = Debug;
		};
		B3E527D015B796C100AA840B /* Release */ = {
			isa = XCBuildConfiguration;
			buildSettings = {
				ALWAYS_SEARCH_USER_PATHS = NO;
				ARCHS = "$(ARCHS_STANDARD_32_BIT)";
				CLANG_ENABLE_OBJC_ARC = YES;
				"CODE_SIGN_IDENTITY[sdk=iphoneos*]" = "iPhone Developer";
				COPY_PHASE_STRIP = YES;
				GCC_C_LANGUAGE_STANDARD = gnu99;
				GCC_VERSION = com.apple.compilers.llvm.clang.1_0;
				GCC_WARN_ABOUT_RETURN_TYPE = YES;
				GCC_WARN_UNINITIALIZED_AUTOS = YES;
				GCC_WARN_UNUSED_VARIABLE = YES;
				IPHONEOS_DEPLOYMENT_TARGET = 5.1;
				OTHER_CFLAGS = "-DNS_BLOCK_ASSERTIONS=1";
				SDKROOT = iphoneos;
				VALIDATE_PRODUCT = YES;
			};
			name = Release;
		};
		B3E527D215B796C100AA840B /* Debug */ = {
			isa = XCBuildConfiguration;
			buildSettings = {
				GCC_PRECOMPILE_PREFIX_HEADER = YES;
				GCC_PREFIX_HEADER = "Instantview/Instantview-Prefix.pch";
				INFOPLIST_FILE = "Instantview/Instantview-Info.plist";
				PRODUCT_NAME = "$(TARGET_NAME)";
				WRAPPER_EXTENSION = app;
			};
			name = Debug;
		};
		B3E527D315B796C100AA840B /* Release */ = {
			isa = XCBuildConfiguration;
			buildSettings = {
				GCC_PRECOMPILE_PREFIX_HEADER = YES;
				GCC_PREFIX_HEADER = "Instantview/Instantview-Prefix.pch";
				INFOPLIST_FILE = "Instantview/Instantview-Info.plist";
				PRODUCT_NAME = "$(TARGET_NAME)";
				WRAPPER_EXTENSION = app;
			};
			name = Release;
		};
/* End XCBuildConfiguration section */

/* Begin XCConfigurationList section */
		B3E527AD15B796C100AA840B /* Build configuration list for PBXProject "Instantview" */ = {
			isa = XCConfigurationList;
			buildConfigurations = (
				B3E527CF15B796C100AA840B /* Debug */,
				B3E527D015B796C100AA840B /* Release */,
			);
			defaultConfigurationIsVisible = 0;
			defaultConfigurationName = Release;
		};
		B3E527D115B796C100AA840B /* Build configuration list for PBXNativeTarget "Instantview" */ = {
			isa = XCConfigurationList;
			buildConfigurations = (
				B3E527D215B796C100AA840B /* Debug */,
				B3E527D315B796C100AA840B /* Release */,
			);
			defaultConfigurationIsVisible = 0;
			defaultConfigurationName = Release;
		};
/* End XCConfigurationList section */
	};
	rootObject = B3E527AA15B796C100AA840B /* Project object */;
}
